
Microsoft Visual Studio Solution File, Format Version 12.00
# Visual Studio Version 16
VisualStudioVersion = 16.0.31729.503
MinimumVisualStudioVersion = 10.0.40219.1
Project("{8BC9CEB8-8B4A-11D0-8D11-00A0C91BC942}") = "myFirstKernel", "myFirstKernel\myFirstKernel.vcxproj", "{723334BF-176F-4F0C-AF04-742F0C7B465F}"
EndProject
Project("{8BC9CEB8-8B4A-11D0-8D11-00A0C91BC942}") = "KernelController", "KernelController\KernelController.vcxproj", "{A5DCAFBC-EEB7-415B-BC88-07C00C3BDFD7}"
EndProject
Global
	GlobalSection(SolutionConfigurationPlatforms) = preSolution
		Debug|ARM = Debug|ARM
		Debug|ARM64 = Debug|ARM64
		Debug|x64 = Debug|x64
		Debug|x86 = Debug|x86
		Release|ARM = Release|ARM
		Release|ARM64 = Release|ARM64
		Release|x64 = Release|x64
		Release|x86 = Release|x86
	EndGlobalSection
	GlobalSection(ProjectConfigurationPlatforms) = postSolution
		{723334BF-176F-4F0C-AF04-742F0C7B465F}.Debug|ARM.ActiveCfg = Debug|ARM
		{723334BF-176F-4F0C-AF04-742F0C7B465F}.Debug|ARM.Build.0 = Debug|ARM
		{723334BF-176F-4F0C-AF04-742F0C7B465F}.Debug|ARM.Deploy.0 = Debug|ARM
		{723334BF-176F-4F0C-AF04-742F0C7B465F}.Debug|ARM64.ActiveCfg = Debug|ARM64
		{723334BF-176F-4F0C-AF04-742F0C7B465F}.Debug|ARM64.Build.0 = Debug|ARM64
		{723334BF-176F-4F0C-AF04-742F0C7B465F}.Debug|ARM64.Deploy.0 = Debug|ARM64
		{723334BF-176F-4F0C-AF04-742F0C7B465F}.Debug|x64.ActiveCfg = Debug|x64
		{723334BF-176F-4F0C-AF04-742F0C7B465F}.Debug|x64.Build.0 = Debug|x64
		{723334BF-176F-4F0C-AF04-742F0C7B465F}.Debug|x64.Deploy.0 = Debug|x64
		{723334BF-176F-4F0C-AF04-742F0C7B465F}.Debug|x86.ActiveCfg = Debug|Win32
		{723334BF-176F-4F0C-AF04-742F0C7B465F}.Debug|x86.Build.0 = Debug|Win32
		{723334BF-176F-4F0C-AF04-742F0C7B465F}.Debug|x86.Deploy.0 = Debug|Win32
		{723334BF-176F-4F0C-AF04-742F0C7B465F}.Release|ARM.ActiveCfg = Release|ARM
		{723334BF-176F-4F0C-AF04-742F0C7B465F}.Release|ARM.Build.0 = Release|ARM
		{723334BF-176F-4F0C-AF04-742F0C7B465F}.Release|ARM.Deploy.0 = Release|ARM
		{723334BF-176F-4F0C-AF04-742F0C7B465F}.Release|ARM64.ActiveCfg = Release|ARM64
		{723334BF-176F-4F0C-AF04-742F0C7B465F}.Release|ARM64.Build.0 = Release|ARM64
		{723334BF-176F-4F0C-AF04-742F0C7B465F}.Release|ARM64.Deploy.0 = Release|ARM64
		{723334BF-176F-4F0C-AF04-742F0C7B465F}.Release|x64.ActiveCfg = Release|x64
		{723334BF-176F-4F0C-AF04-742F0C7B465F}.Release|x64.Build.0 = Release|x64
		{723334BF-176F-4F0C-AF04-742F0C7B465F}.Release|x64.Deploy.0 = Release|x64
		{723334BF-176F-4F0C-AF04-742F0C7B465F}.Release|x86.ActiveCfg = Release|Win32
		{723334BF-176F-4F0C-AF04-742F0C7B465F}.Release|x86.Build.0 = Release|Win32
		{723334BF-176F-4F0C-AF04-742F0C7B465F}.Release|x86.Deploy.0 = Release|Win32
		{A5DCAFBC-EEB7-415B-BC88-07C00C3BDFD7}.Debug|ARM.ActiveCfg = Debug|Win32
		{A5DCAFBC-EEB7-415B-BC88-07C00C3BDFD7}.Debug|ARM64.ActiveCfg = Debug|Win32
		{A5DCAFBC-EEB7-415B-BC88-07C00C3BDFD7}.Debug|x64.ActiveCfg = Debug|x64
		{A5DCAFBC-EEB7-415B-BC88-07C00C3BDFD7}.Debug|x64.Build.0 = Debug|x64
		{A5DCAFBC-EEB7-415B-BC88-07C00C3BDFD7}.Debug|x86.ActiveCfg = Debug|Win32
		{A5DCAFBC-EEB7-415B-BC88-07C00C3BDFD7}.Debug|x86.Build.0 = Debug|Win32
		{A5DCAFBC-EEB7-415B-BC88-07C00C3BDFD7}.Release|ARM.ActiveCfg = Release|Win32
		{A5DCAFBC-EEB7-415B-BC88-07C00C3BDFD7}.Release|ARM64.ActiveCfg = Release|Win32
		{A5DCAFBC-EEB7-415B-BC88-07C00C3BDFD7}.Release|x64.ActiveCfg = Release|x64
		{A5DCAFBC-EEB7-415B-BC88-07C00C3BDFD7}.Release|x64.Build.0 = Release|x64
		{A5DCAFBC-EEB7-415B-BC88-07C00C3BDFD7}.Release|x86.ActiveCfg = Release|Win32
		{A5DCAFBC-EEB7-415B-BC88-07C00C3BDFD7}.Release|x86.Build.0 = Release|Win32
	EndGlobalSection
	GlobalSection(SolutionProperties) = preSolution
		HideSolutionNode = FALSE
	EndGlobalSection
	GlobalSection(ExtensibilityGlobals) = postSolution
		SolutionGuid = {B92034B0-E1E0-4240-AB9C-6D078BB6C19C}
	EndGlobalSection
EndGlobal
